
Microsoft Visual Studio Solution File, Format Version 12.00
# Visual Studio 15
VisualStudioVersion = 15.0.28307.168
MinimumVisualStudioVersion = 10.0.40219.1
Project("{FAE04EC0-301F-11D3-BF4B-00C04F79EFBC}") = "BTS.Common", "BTS.Common\BTS.Common.csproj", "{38690962-5F3A-4D89-88AD-B60CE8E5EE8D}"
EndProject
Project("{FAE04EC0-301F-11D3-BF4B-00C04F79EFBC}") = "BTS.Model", "BTS.Model\BTS.Model.csproj", "{C5BBF3C8-3872-45DE-AD20-73C9EF7D9350}"
EndProject
Project("{FAE04EC0-301F-11D3-BF4B-00C04F79EFBC}") = "BTS.Data", "BTS.Data\BTS.Data.csproj", "{35CBD06B-5985-4108-95A8-0113C4685076}"
EndProject
Project("{FAE04EC0-301F-11D3-BF4B-00C04F79EFBC}") = "BTS.Service", "BTS.Service\BTS.Service.csproj", "{7FDD8704-860E-4E86-996A-C63452B2AE8C}"
EndProject
Project("{FAE04EC0-301F-11D3-BF4B-00C04F79EFBC}") = "BTS.Web", "BTS.Web\BTS.Web.csproj", "{47E12A6F-A90E-4058-836A-8A3CB4A439F4}"
EndProject
Project("{FAE04EC0-301F-11D3-BF4B-00C04F79EFBC}") = "BTS.UnitTest", "BTS.UnitTest\BTS.UnitTest.csproj", "{2713BC08-9BF0-4D44-9017-B5FA2EC3C66A}"
EndProject
Project("{FAE04EC0-301F-11D3-BF4B-00C04F79EFBC}") = "BTS.ExcelLib", "BTS.ExcelLib\BTS.ExcelLib.csproj", "{02E532A6-3C50-46F9-AE18-58D4EC28A5BA}"
EndProject
Global
	GlobalSection(SolutionConfigurationPlatforms) = preSolution
		Debug|Any CPU = Debug|Any CPU
		Release|Any CPU = Release|Any CPU
	EndGlobalSection
	GlobalSection(ProjectConfigurationPlatforms) = postSolution
		{38690962-5F3A-4D89-88AD-B60CE8E5EE8D}.Debug|Any CPU.ActiveCfg = Debug|Any CPU
		{38690962-5F3A-4D89-88AD-B60CE8E5EE8D}.Debug|Any CPU.Build.0 = Debug|Any CPU
		{38690962-5F3A-4D89-88AD-B60CE8E5EE8D}.Release|Any CPU.ActiveCfg = Release|Any CPU
		{38690962-5F3A-4D89-88AD-B60CE8E5EE8D}.Release|Any CPU.Build.0 = Release|Any CPU
		{C5BBF3C8-3872-45DE-AD20-73C9EF7D9350}.Debug|Any CPU.ActiveCfg = Debug|Any CPU
		{C5BBF3C8-3872-45DE-AD20-73C9EF7D9350}.Debug|Any CPU.Build.0 = Debug|Any CPU
		{C5BBF3C8-3872-45DE-AD20-73C9EF7D9350}.Release|Any CPU.ActiveCfg = Release|Any CPU
		{C5BBF3C8-3872-45DE-AD20-73C9EF7D9350}.Release|Any CPU.Build.0 = Release|Any CPU
		{35CBD06B-5985-4108-95A8-0113C4685076}.Debug|Any CPU.ActiveCfg = Debug|Any CPU
		{35CBD06B-5985-4108-95A8-0113C4685076}.Debug|Any CPU.Build.0 = Debug|Any CPU
		{35CBD06B-5985-4108-95A8-0113C4685076}.Release|Any CPU.ActiveCfg = Release|Any CPU
		{35CBD06B-5985-4108-95A8-0113C4685076}.Release|Any CPU.Build.0 = Release|Any CPU
		{7FDD8704-860E-4E86-996A-C63452B2AE8C}.Debug|Any CPU.ActiveCfg = Debug|Any CPU
		{7FDD8704-860E-4E86-996A-C63452B2AE8C}.Debug|Any CPU.Build.0 = Debug|Any CPU
		{7FDD8704-860E-4E86-996A-C63452B2AE8C}.Release|Any CPU.ActiveCfg = Release|Any CPU
		{7FDD8704-860E-4E86-996A-C63452B2AE8C}.Release|Any CPU.Build.0 = Release|Any CPU
		{47E12A6F-A90E-4058-836A-8A3CB4A439F4}.Debug|Any CPU.ActiveCfg = Debug|Any CPU
		{47E12A6F-A90E-4058-836A-8A3CB4A439F4}.Debug|Any CPU.Build.0 = Debug|Any CPU
		{47E12A6F-A90E-4058-836A-8A3CB4A439F4}.Release|Any CPU.ActiveCfg = Release|Any CPU
		{47E12A6F-A90E-4058-836A-8A3CB4A439F4}.Release|Any CPU.Build.0 = Release|Any CPU
		{2713BC08-9BF0-4D44-9017-B5FA2EC3C66A}.Debug|Any CPU.ActiveCfg = Debug|Any CPU
		{2713BC08-9BF0-4D44-9017-B5FA2EC3C66A}.Debug|Any CPU.Build.0 = Debug|Any CPU
		{2713BC08-9BF0-4D44-9017-B5FA2EC3C66A}.Release|Any CPU.ActiveCfg = Release|Any CPU
		{2713BC08-9BF0-4D44-9017-B5FA2EC3C66A}.Release|Any CPU.Build.0 = Release|Any CPU
		{02E532A6-3C50-46F9-AE18-58D4EC28A5BA}.Debug|Any CPU.ActiveCfg = Debug|Any CPU
		{02E532A6-3C50-46F9-AE18-58D4EC28A5BA}.Debug|Any CPU.Build.0 = Debug|Any CPU
		{02E532A6-3C50-46F9-AE18-58D4EC28A5BA}.Release|Any CPU.ActiveCfg = Release|Any CPU
		{02E532A6-3C50-46F9-AE18-58D4EC28A5BA}.Release|Any CPU.Build.0 = Release|Any CPU
	EndGlobalSection
	GlobalSection(SolutionProperties) = preSolution
		HideSolutionNode = FALSE
	EndGlobalSection
	GlobalSection(ExtensibilityGlobals) = postSolution
		SolutionGuid = {03CFB5A5-9F48-4A7B-8417-C3D86DF0A7F2}
	EndGlobalSection
EndGlobal
